{
    "name": "mono-repo-init",
    "lockfileVersion": 3,
    "requires": true,
    "packages": {
        "": {
            "name": "mono-repo-init",
            "workspaces": [
                "packages/*"
            ]
        },
        "node_modules/@mono-repo-init/admin-client": {
            "resolved": "packages/admin-client",
            "link": true
        },
        "node_modules/@mono-repo-init/student-client": {
            "resolved": "packages/student-client",
            "link": true
        },
        "packages/admin-client": {
            "name": "@mono-repo-init/admin-client",
            "version": "1.0.0",
            "license": "ISC"
        },
        "packages/student-client": {
            "name": "@mono-repo-init/student-client",
            "version": "1.0.0",
            "license": "ISC",
            "dependencies": {
                "@mono-repo-init/admin-client": "1.0.0"
            }
        }
    }
}
